{
  "lockfileVersion": 1,
  "workspaces": {
    "": {
      "name": "app",
      "dependencies": {
        "reaact": "^0.0.1-security",
        "react": "^19.0.0",
        "react-dom": "^19.0.0",
      },
    },
  },
  "packages": {
    "reaact": ["reaact@0.0.1-security", "", {}, "sha512-i8Y57/w5sGV1h1CFjY8KnthmJUr0i/Bt9xnhT1sYVVpIY3BQ0h9gNLV9pwz3B1+3m7w0K6283rr9v1jPzcwNoA=="],

    "react": ["react@19.0.0", "", {}, "sha512-V8AVnmPIICiWpGfm6GLzCR/W5FXLchHop40W4nXBmdlEceh16rCN8O8LNWm5bh5XUX91fh7KpA+W0TgMKmgTpQ=="],

    "react-dom": ["react-dom@19.0.0", "", { "dependencies": { "scheduler": "^0.25.0" }, "peerDependencies": { "react": "^19.0.0" } }, "sha512-4GV5sHFG0e/0AD4X+ySy6UJd3jVl1iNsNHdpad0qhABJ11twS3TTBnseqsKurKcsNqCEFeGL3uLpVChpIO3QfQ=="],

    "scheduler": ["scheduler@0.25.0", "", {}, "sha512-xFVuu11jh+xcO7JOAGJNOXld8/TcEHK/4CituBUeUb5hqxJLj9YuemAEuvm9gQ/+pgXYfbQuqAkiYu+u7YEsNA=="],
  }
}
