{
  "name": "app",
  "lockfileVersion": 3,
  "requires": true,
  "packages": {
    "": {
      "name": "app",
      "dependencies": {
        "@radix-ui/react-label": "^2.1.2",
        "@radix-ui/react-slot": "^1.1.2",
        "class-variance-authority": "^0.7.1",
        "clsx": "^2.1.1",
        "lucide-react": "^0.475.0",
        "react": "^19.0.0",
        "react-dom": "^19.0.0",
        "react-router": "^7.1.5",
        "tailwind-merge": "^3.0.1",
        "tailwindcss-animate": "^1.0.7"
      }
    },
    "node_modules/@radix-ui/react-compose-refs": {
      "version": "1.1.1",
      "resolved": "https://registry.npmjs.org/@radix-ui/react-compose-refs/-/react-compose-refs-1.1.1.tgz",
      "integrity": "sha512-Y9VzoRDSJtgFMUCoiZBDVo084VQ5hfpXxVE+NgkdNsjiDBByiImMZKKhxMwCbdHvhlENG6a833CbFkOQvTricw==",
      "peerDependencies": {
        "@types/react": "*",
        "react": "^16.8 || ^17.0 || ^18.0 || ^19.0 || ^19.0.0-rc"
      },
      "peerDependenciesMeta": {
        "@types/react": {
          "optional": true
        }
      }
    },
    "node_modules/@radix-ui/react-label": {
      "version": "2.1.2",
      "resolved": "https://registry.npmjs.org/@radix-ui/react-label/-/react-label-2.1.2.tgz",
      "integrity": "sha512-zo1uGMTaNlHehDyFQcDZXRJhUPDuukcnHz0/jnrup0JA6qL+AFpAnty+7VKa9esuU5xTblAZzTGYJKSKaBxBhw==",
      "dependencies": {
        "@radix-ui/react-primitive": "2.0.2"
      },
      "peerDependencies": {
        "@types/react": "*",
        "@types/react-dom": "*",
        "react": "^16.8 || ^17.0 || ^18.0 || ^19.0 || ^19.0.0-rc",
        "react-dom": "^16.8 || ^17.0 || ^18.0 || ^19.0 || ^19.0.0-rc"
      },
      "peerDependenciesMeta": {
        "@types/react": {
          "optional": true
        },
        "@types/react-dom": {
          "optional": true
        }
      }
    },
    "node_modules/@radix-ui/react-primitive": {
      "version": "2.0.2",
      "resolved": "https://registry.npmjs.org/@radix-ui/react-primitive/-/react-primitive-2.0.2.tgz",
      "integrity": "sha512-Ec/0d38EIuvDF+GZjcMU/Ze6MxntVJYO/fRlCPhCaVUyPY9WTalHJw54tp9sXeJo3tlShWpy41vQRgLRGOuz+w==",
      "dependencies": {
        "@radix-ui/react-slot": "1.1.2"
      },
      "peerDependencies": {
        "@types/react": "*",
        "@types/react-dom": "*",
        "react": "^16.8 || ^17.0 || ^18.0 || ^19.0 || ^19.0.0-rc",
        "react-dom": "^16.8 || ^17.0 || ^18.0 || ^19.0 || ^19.0.0-rc"
      },
      "peerDependenciesMeta": {
        "@types/react": {
          "optional": true
        },
        "@types/react-dom": {
          "optional": true
        }
      }
    },
    "node_modules/@radix-ui/react-slot": {
      "version": "1.1.2",
      "resolved": "https://registry.npmjs.org/@radix-ui/react-slot/-/react-slot-1.1.2.tgz",
      "integrity": "sha512-YAKxaiGsSQJ38VzKH86/BPRC4rh+b1Jpa+JneA5LRE7skmLPNAyeG8kPJj/oo4STLvlrs8vkf/iYyc3A5stYCQ==",
      "dependencies": {
        "@radix-ui/react-compose-refs": "1.1.1"
      },
      "peerDependencies": {
        "@types/react": "*",
        "react": "^16.8 || ^17.0 || ^18.0 || ^19.0 || ^19.0.0-rc"
      },
      "peerDependenciesMeta": {
        "@types/react": {
          "optional": true
        }
      }
    },
    "node_modules/@types/cookie": {
      "version": "0.6.0",
      "license": "MIT"
    },
    "node_modules/class-variance-authority": {
      "version": "0.7.1",
      "license": "Apache-2.0",
      "dependencies": {
        "clsx": "^2.1.1"
      },
      "funding": {
        "url": "https://polar.sh/cva"
      }
    },
    "node_modules/clsx": {
      "version": "2.1.1",
      "license": "MIT",
      "engines": {
        "node": ">=6"
      }
    },
    "node_modules/cookie": {
      "version": "1.0.2",
      "license": "MIT",
      "engines": {
        "node": ">=18"
      }
    },
    "node_modules/lucide-react": {
      "version": "0.475.0",
      "license": "ISC",
      "peerDependencies": {
        "react": "^16.5.1 || ^17.0.0 || ^18.0.0 || ^19.0.0"
      }
    },
    "node_modules/react": {
      "version": "19.0.0",
      "license": "MIT",
      "engines": {
        "node": ">=0.10.0"
      }
    },
    "node_modules/react-dom": {
      "version": "19.0.0",
      "license": "MIT",
      "dependencies": {
        "scheduler": "^0.25.0"
      },
      "peerDependencies": {
        "react": "^19.0.0"
      }
    },
    "node_modules/react-router": {
      "version": "7.1.5",
      "license": "MIT",
      "dependencies": {
        "@types/cookie": "^0.6.0",
        "cookie": "^1.0.1",
        "set-cookie-parser": "^2.6.0",
        "turbo-stream": "2.4.0"
      },
      "engines": {
        "node": ">=20.0.0"
      },
      "peerDependencies": {
        "react": ">=18",
        "react-dom": ">=18"
      },
      "peerDependenciesMeta": {
        "react-dom": {
          "optional": true
        }
      }
    },
    "node_modules/scheduler": {
      "version": "0.25.0",
      "license": "MIT"
    },
    "node_modules/set-cookie-parser": {
      "version": "2.7.1",
      "license": "MIT"
    },
    "node_modules/tailwind-merge": {
      "version": "3.0.1",
      "license": "MIT",
      "funding": {
        "type": "github",
        "url": "https://github.com/sponsors/dcastil"
      }
    },
    "node_modules/tailwindcss": {
      "version": "4.0.6",
      "license": "MIT",
      "peer": true
    },
    "node_modules/tailwindcss-animate": {
      "version": "1.0.7",
      "license": "MIT",
      "peerDependencies": {
        "tailwindcss": ">=3.0.0 || insiders"
      }
    },
    "node_modules/turbo-stream": {
      "version": "2.4.0",
      "license": "ISC"
    }
  }
}
